
Microsoft Visual Studio Solution File, Format Version 10.00
# Visual Studio 2008
Project("{E24C65DC-7377-472B-9ABA-BC803B73C61A}") = "controls", ".", "{CD8331CF-1DB9-4DD5-826E-1B636616D2A7}"
	ProjectSection(WebsiteProperties) = preProject
		TargetFramework = "3.5"
		Debug.AspNetCompiler.VirtualPath = "/controls"
		Debug.AspNetCompiler.PhysicalPath = "..\controls\"
		Debug.AspNetCompiler.TargetPath = "PrecompiledWeb\controls\"
		Debug.AspNetCompiler.Updateable = "true"
		Debug.AspNetCompiler.ForceOverwrite = "true"
		Debug.AspNetCompiler.FixedNames = "false"
		Debug.AspNetCompiler.Debug = "True"
		Release.AspNetCompiler.VirtualPath = "/controls"
		Release.AspNetCompiler.PhysicalPath = "..\controls\"
		Release.AspNetCompiler.TargetPath = "PrecompiledWeb\controls\"
		Release.AspNetCompiler.Updateable = "true"
		Release.AspNetCompiler.ForceOverwrite = "true"
		Release.AspNetCompiler.FixedNames = "false"
		Release.AspNetCompiler.Debug = "False"
		VWDPort = "52011"
	EndProjectSection
EndProject
Global
	GlobalSection(SolutionConfigurationPlatforms) = preSolution
		Debug|.NET = Debug|.NET
	EndGlobalSection
	GlobalSection(ProjectConfigurationPlatforms) = postSolution
		{CD8331CF-1DB9-4DD5-826E-1B636616D2A7}.Debug|.NET.ActiveCfg = Debug|.NET
		{CD8331CF-1DB9-4DD5-826E-1B636616D2A7}.Debug|.NET.Build.0 = Debug|.NET
	EndGlobalSection
	GlobalSection(SolutionProperties) = preSolution
		HideSolutionNode = FALSE
	EndGlobalSection
EndGlobal
